
Microsoft Visual Studio Solution File, Format Version 12.00
# Visual Studio 15
VisualStudioVersion = 15.0.27703.2035
MinimumVisualStudioVersion = 10.0.40219.1
Project("{FAE04EC0-301F-11D3-BF4B-00C04F79EFBC}") = "DevOpsTest", "DevOpsTest\DevOpsTest.csproj", "{E56A393A-4DF3-41C8-845D-B0DCCD0B3798}"
EndProject
Project("{E53339B2-1760-4266-BCC7-CA923CBCF16C}") = "docker-compose", "docker-compose.dcproj", "{4DDE2EE7-F121-4DE1-BFCB-6431B13964BE}"
EndProject
Global
	GlobalSection(SolutionConfigurationPlatforms) = preSolution
		Debug|Any CPU = Debug|Any CPU
		Release|Any CPU = Release|Any CPU
	EndGlobalSection
	GlobalSection(ProjectConfigurationPlatforms) = postSolution
		{E56A393A-4DF3-41C8-845D-B0DCCD0B3798}.Debug|Any CPU.ActiveCfg = Debug|Any CPU
		{E56A393A-4DF3-41C8-845D-B0DCCD0B3798}.Debug|Any CPU.Build.0 = Debug|Any CPU
		{E56A393A-4DF3-41C8-845D-B0DCCD0B3798}.Release|Any CPU.ActiveCfg = Release|Any CPU
		{E56A393A-4DF3-41C8-845D-B0DCCD0B3798}.Release|Any CPU.Build.0 = Release|Any CPU
		{4DDE2EE7-F121-4DE1-BFCB-6431B13964BE}.Debug|Any CPU.ActiveCfg = Debug|Any CPU
		{4DDE2EE7-F121-4DE1-BFCB-6431B13964BE}.Debug|Any CPU.Build.0 = Debug|Any CPU
		{4DDE2EE7-F121-4DE1-BFCB-6431B13964BE}.Release|Any CPU.ActiveCfg = Release|Any CPU
		{4DDE2EE7-F121-4DE1-BFCB-6431B13964BE}.Release|Any CPU.Build.0 = Release|Any CPU
	EndGlobalSection
	GlobalSection(SolutionProperties) = preSolution
		HideSolutionNode = FALSE
	EndGlobalSection
	GlobalSection(ExtensibilityGlobals) = postSolution
		SolutionGuid = {8D154F6E-EC2C-4B42-8519-9F4688B27CD3}
	EndGlobalSection
EndGlobal
